# This file is automatically @generated by Cargo.
# It is not intended for manual editing.
[[package]]
name = "aoc-07"
version = "0.1.0"
dependencies = [
 "permutohedron 0.2.4 (registry+https://github.com/rust-lang/crates.io-index)",
]

[[package]]
name = "permutohedron"
version = "0.2.4"
source = "registry+https://github.com/rust-lang/crates.io-index"

[metadata]
"checksum permutohedron 0.2.4 (registry+https://github.com/rust-lang/crates.io-index)" = "b687ff7b5da449d39e418ad391e5e08da53ec334903ddbb921db208908fc372c"
